
Microsoft Visual Studio Solution File, Format Version 12.00
# Visual Studio Version 17
VisualStudioVersion = 17.7.34221.43
MinimumVisualStudioVersion = 10.0.40219.1
Project("{FAE04EC0-301F-11D3-BF4B-00C04F79EFBC}") = "subpesca", "subpesca.csproj", "{B0AF4462-FB77-4BAC-BABA-61154265D622}"
EndProject
Global
	GlobalSection(SolutionConfigurationPlatforms) = preSolution
		Debug|Any CPU = Debug|Any CPU
		Release|Any CPU = Release|Any CPU
	EndGlobalSection
	GlobalSection(ProjectConfigurationPlatforms) = postSolution
		{B0AF4462-FB77-4BAC-BABA-61154265D622}.Debug|Any CPU.ActiveCfg = Debug|Any CPU
		{B0AF4462-FB77-4BAC-BABA-61154265D622}.Debug|Any CPU.Build.0 = Debug|Any CPU
		{B0AF4462-FB77-4BAC-BABA-61154265D622}.Release|Any CPU.ActiveCfg = Release|Any CPU
		{B0AF4462-FB77-4BAC-BABA-61154265D622}.Release|Any CPU.Build.0 = Release|Any CPU
	EndGlobalSection
	GlobalSection(SolutionProperties) = preSolution
		HideSolutionNode = FALSE
	EndGlobalSection
	GlobalSection(ExtensibilityGlobals) = postSolution
		SolutionGuid = {B21FC325-0B5B-4735-8B71-0D9DBC756D29}
	EndGlobalSection
EndGlobal
